
Microsoft Visual Studio Solution File, Format Version 12.00
# Visual Studio Version 17
VisualStudioVersion = 17.9.34701.34
MinimumVisualStudioVersion = 10.0.40219.1
Project("{9A19103F-16F7-4668-BE54-9A1E7A4F7556}") = "LiveTransit", "LiveTransit\LiveTransit.csproj", "{7942D62B-8FB4-4941-8024-799C6037CC58}"
EndProject
Project("{FAE04EC0-301F-11D3-BF4B-00C04F79EFBC}") = "LiveTransit.API", "LiveTransit.API\LiveTransit.API.csproj", "{241AC038-AD70-4508-BAD8-F5F3FC414BAC}"
EndProject
Global
	GlobalSection(SolutionConfigurationPlatforms) = preSolution
		Debug|Any CPU = Debug|Any CPU
		Release|Any CPU = Release|Any CPU
	EndGlobalSection
	GlobalSection(ProjectConfigurationPlatforms) = postSolution
		{7942D62B-8FB4-4941-8024-799C6037CC58}.Debug|Any CPU.ActiveCfg = Debug|Any CPU
		{7942D62B-8FB4-4941-8024-799C6037CC58}.Debug|Any CPU.Build.0 = Debug|Any CPU
		{7942D62B-8FB4-4941-8024-799C6037CC58}.Release|Any CPU.ActiveCfg = Release|Any CPU
		{7942D62B-8FB4-4941-8024-799C6037CC58}.Release|Any CPU.Build.0 = Release|Any CPU
		{241AC038-AD70-4508-BAD8-F5F3FC414BAC}.Debug|Any CPU.ActiveCfg = Debug|Any CPU
		{241AC038-AD70-4508-BAD8-F5F3FC414BAC}.Debug|Any CPU.Build.0 = Debug|Any CPU
		{241AC038-AD70-4508-BAD8-F5F3FC414BAC}.Release|Any CPU.ActiveCfg = Release|Any CPU
		{241AC038-AD70-4508-BAD8-F5F3FC414BAC}.Release|Any CPU.Build.0 = Release|Any CPU
	EndGlobalSection
	GlobalSection(SolutionProperties) = preSolution
		HideSolutionNode = FALSE
	EndGlobalSection
	GlobalSection(ExtensibilityGlobals) = postSolution
		SolutionGuid = {3D487565-23B0-4912-8F96-CFA0C5649145}
	EndGlobalSection
EndGlobal
